{
  "name": "theme-rename",
  "version": "0.1.0",
  "lockfileVersion": 3,
  "requires": true,
  "packages": {
    "": {
      "name": "theme-rename",
      "version": "0.1.0",
      "bin": {
        "theme-rename": "bin/cli.mjs"
      },
      "engines": {
        "node": ">=18.3"
      }
    }
  }
}
